
Microsoft Visual Studio Solution File, Format Version 12.00
# Visual Studio Version 17
VisualStudioVersion = 17.7.34018.315
MinimumVisualStudioVersion = 10.0.40219.1
Project("{9A19103F-16F7-4668-BE54-9A1E7A4F7556}") = "Todo", "Todo.csproj", "{468AD31C-CA0E-4A93-B129-C3F5D5026059}"
EndProject
Project("{FAE04EC0-301F-11D3-BF4B-00C04F79EFBC}") = "WebAplicationTestWithXunit", "..\..\..\OneDrive\Documentos\WebAplicationTestWithXunit\WebAplicationTestWithXunit.csproj", "{74F9DC98-7DA1-40D1-9E4D-51105E37C2F8}"
EndProject
Global
	GlobalSection(SolutionConfigurationPlatforms) = preSolution
		Debug|Any CPU = Debug|Any CPU
		Release|Any CPU = Release|Any CPU
	EndGlobalSection
	GlobalSection(ProjectConfigurationPlatforms) = postSolution
		{468AD31C-CA0E-4A93-B129-C3F5D5026059}.Debug|Any CPU.ActiveCfg = Debug|Any CPU
		{468AD31C-CA0E-4A93-B129-C3F5D5026059}.Debug|Any CPU.Build.0 = Debug|Any CPU
		{468AD31C-CA0E-4A93-B129-C3F5D5026059}.Release|Any CPU.ActiveCfg = Release|Any CPU
		{468AD31C-CA0E-4A93-B129-C3F5D5026059}.Release|Any CPU.Build.0 = Release|Any CPU
		{74F9DC98-7DA1-40D1-9E4D-51105E37C2F8}.Debug|Any CPU.ActiveCfg = Debug|Any CPU
		{74F9DC98-7DA1-40D1-9E4D-51105E37C2F8}.Debug|Any CPU.Build.0 = Debug|Any CPU
		{74F9DC98-7DA1-40D1-9E4D-51105E37C2F8}.Release|Any CPU.ActiveCfg = Release|Any CPU
		{74F9DC98-7DA1-40D1-9E4D-51105E37C2F8}.Release|Any CPU.Build.0 = Release|Any CPU
	EndGlobalSection
	GlobalSection(SolutionProperties) = preSolution
		HideSolutionNode = FALSE
	EndGlobalSection
	GlobalSection(ExtensibilityGlobals) = postSolution
		SolutionGuid = {788FA1AB-1361-4FD5-9983-F5CF5D74357E}
	EndGlobalSection
EndGlobal
